
Microsoft Visual Studio Solution File, Format Version 11.00
# Visual Studio 2010
Project("{FAE04EC0-301F-11D3-BF4B-00C04F79EFBC}") = "ConsoleApp", "ConsoleApp\ConsoleApp.csproj", "{69E8F42A-D7E9-4C55-B956-BA35A74A3C53}"
EndProject
Global
	GlobalSection(SolutionConfigurationPlatforms) = preSolution
		Debug|x86 = Debug|x86
		Release|x86 = Release|x86
	EndGlobalSection
	GlobalSection(ProjectConfigurationPlatforms) = postSolution
		{69E8F42A-D7E9-4C55-B956-BA35A74A3C53}.Debug|x86.ActiveCfg = Debug|x86
		{69E8F42A-D7E9-4C55-B956-BA35A74A3C53}.Debug|x86.Build.0 = Debug|x86
		{69E8F42A-D7E9-4C55-B956-BA35A74A3C53}.Release|x86.ActiveCfg = Release|x86
		{69E8F42A-D7E9-4C55-B956-BA35A74A3C53}.Release|x86.Build.0 = Release|x86
	EndGlobalSection
	GlobalSection(SolutionProperties) = preSolution
		HideSolutionNode = FALSE
	EndGlobalSection
EndGlobal
